
Microsoft Visual Studio Solution File, Format Version 12.00
# Visual Studio Version 16
VisualStudioVersion = 16.0.29209.62
MinimumVisualStudioVersion = 10.0.40219.1
Project("{FAE04EC0-301F-11D3-BF4B-00C04F79EFBC}") = "It-univer.Tasks.Web", "It-univer.Tasks.Web\It-univer.Tasks.Web.csproj", "{FE644A80-01E0-44A2-9216-77DB28AD0CC8}"
EndProject
Project("{FAE04EC0-301F-11D3-BF4B-00C04F79EFBC}") = "ItUniver.Task.Core", "ItUniver.Task.Core\ItUniver.Task.Core.csproj", "{3D55621A-D8C7-485A-A643-10ECA8782CBA}"
EndProject
Global
	GlobalSection(SolutionConfigurationPlatforms) = preSolution
		Debug|Any CPU = Debug|Any CPU
		Debug|ARM = Debug|ARM
		Debug|ARM64 = Debug|ARM64
		Debug|x64 = Debug|x64
		Debug|x86 = Debug|x86
		Release|Any CPU = Release|Any CPU
		Release|ARM = Release|ARM
		Release|ARM64 = Release|ARM64
		Release|x64 = Release|x64
		Release|x86 = Release|x86
	EndGlobalSection
	GlobalSection(ProjectConfigurationPlatforms) = postSolution
		{FE644A80-01E0-44A2-9216-77DB28AD0CC8}.Debug|Any CPU.ActiveCfg = Debug|Any CPU
		{FE644A80-01E0-44A2-9216-77DB28AD0CC8}.Debug|Any CPU.Build.0 = Debug|Any CPU
		{FE644A80-01E0-44A2-9216-77DB28AD0CC8}.Debug|ARM.ActiveCfg = Debug|Any CPU
		{FE644A80-01E0-44A2-9216-77DB28AD0CC8}.Debug|ARM.Build.0 = Debug|Any CPU
		{FE644A80-01E0-44A2-9216-77DB28AD0CC8}.Debug|ARM64.ActiveCfg = Debug|Any CPU
		{FE644A80-01E0-44A2-9216-77DB28AD0CC8}.Debug|ARM64.Build.0 = Debug|Any CPU
		{FE644A80-01E0-44A2-9216-77DB28AD0CC8}.Debug|x64.ActiveCfg = Debug|Any CPU
		{FE644A80-01E0-44A2-9216-77DB28AD0CC8}.Debug|x64.Build.0 = Debug|Any CPU
		{FE644A80-01E0-44A2-9216-77DB28AD0CC8}.Debug|x86.ActiveCfg = Debug|Any CPU
		{FE644A80-01E0-44A2-9216-77DB28AD0CC8}.Debug|x86.Build.0 = Debug|Any CPU
		{FE644A80-01E0-44A2-9216-77DB28AD0CC8}.Release|Any CPU.ActiveCfg = Release|Any CPU
		{FE644A80-01E0-44A2-9216-77DB28AD0CC8}.Release|Any CPU.Build.0 = Release|Any CPU
		{FE644A80-01E0-44A2-9216-77DB28AD0CC8}.Release|ARM.ActiveCfg = Release|Any CPU
		{FE644A80-01E0-44A2-9216-77DB28AD0CC8}.Release|ARM.Build.0 = Release|Any CPU
		{FE644A80-01E0-44A2-9216-77DB28AD0CC8}.Release|ARM64.ActiveCfg = Release|Any CPU
		{FE644A80-01E0-44A2-9216-77DB28AD0CC8}.Release|ARM64.Build.0 = Release|Any CPU
		{FE644A80-01E0-44A2-9216-77DB28AD0CC8}.Release|x64.ActiveCfg = Release|Any CPU
		{FE644A80-01E0-44A2-9216-77DB28AD0CC8}.Release|x64.Build.0 = Release|Any CPU
		{FE644A80-01E0-44A2-9216-77DB28AD0CC8}.Release|x86.ActiveCfg = Release|Any CPU
		{FE644A80-01E0-44A2-9216-77DB28AD0CC8}.Release|x86.Build.0 = Release|Any CPU
		{3D55621A-D8C7-485A-A643-10ECA8782CBA}.Debug|Any CPU.ActiveCfg = Debug|Any CPU
		{3D55621A-D8C7-485A-A643-10ECA8782CBA}.Debug|Any CPU.Build.0 = Debug|Any CPU
		{3D55621A-D8C7-485A-A643-10ECA8782CBA}.Debug|ARM.ActiveCfg = Debug|Any CPU
		{3D55621A-D8C7-485A-A643-10ECA8782CBA}.Debug|ARM.Build.0 = Debug|Any CPU
		{3D55621A-D8C7-485A-A643-10ECA8782CBA}.Debug|ARM64.ActiveCfg = Debug|Any CPU
		{3D55621A-D8C7-485A-A643-10ECA8782CBA}.Debug|ARM64.Build.0 = Debug|Any CPU
		{3D55621A-D8C7-485A-A643-10ECA8782CBA}.Debug|x64.ActiveCfg = Debug|Any CPU
		{3D55621A-D8C7-485A-A643-10ECA8782CBA}.Debug|x64.Build.0 = Debug|Any CPU
		{3D55621A-D8C7-485A-A643-10ECA8782CBA}.Debug|x86.ActiveCfg = Debug|Any CPU
		{3D55621A-D8C7-485A-A643-10ECA8782CBA}.Debug|x86.Build.0 = Debug|Any CPU
		{3D55621A-D8C7-485A-A643-10ECA8782CBA}.Release|Any CPU.ActiveCfg = Release|Any CPU
		{3D55621A-D8C7-485A-A643-10ECA8782CBA}.Release|Any CPU.Build.0 = Release|Any CPU
		{3D55621A-D8C7-485A-A643-10ECA8782CBA}.Release|ARM.ActiveCfg = Release|Any CPU
		{3D55621A-D8C7-485A-A643-10ECA8782CBA}.Release|ARM.Build.0 = Release|Any CPU
		{3D55621A-D8C7-485A-A643-10ECA8782CBA}.Release|ARM64.ActiveCfg = Release|Any CPU
		{3D55621A-D8C7-485A-A643-10ECA8782CBA}.Release|ARM64.Build.0 = Release|Any CPU
		{3D55621A-D8C7-485A-A643-10ECA8782CBA}.Release|x64.ActiveCfg = Release|Any CPU
		{3D55621A-D8C7-485A-A643-10ECA8782CBA}.Release|x64.Build.0 = Release|Any CPU
		{3D55621A-D8C7-485A-A643-10ECA8782CBA}.Release|x86.ActiveCfg = Release|Any CPU
		{3D55621A-D8C7-485A-A643-10ECA8782CBA}.Release|x86.Build.0 = Release|Any CPU
	EndGlobalSection
	GlobalSection(SolutionProperties) = preSolution
		HideSolutionNode = FALSE
	EndGlobalSection
	GlobalSection(ExtensibilityGlobals) = postSolution
		SolutionGuid = {023DB996-9EA0-4918-BF15-5FF60D7D081D}
	EndGlobalSection
EndGlobal
